
Microsoft Visual Studio Solution File, Format Version 12.00
# Visual Studio Version 17
VisualStudioVersion = 17.4.33403.182
MinimumVisualStudioVersion = 10.0.40219.1
Project("{9A19103F-16F7-4668-BE54-9A1E7A4F7556}") = "NegativePhotoConverter", "NegativePhotoConverter\NegativePhotoConverter.csproj", "{CE7FE253-9C98-4ED8-BA60-CF96FD7FC540}"
	ProjectSection(ProjectDependencies) = postProject
		{614149BD-88AA-400B-94B6-2A70F1EEDEEE} = {614149BD-88AA-400B-94B6-2A70F1EEDEEE}
		{71FAABCD-6320-4461-93CC-8871EDD0A645} = {71FAABCD-6320-4461-93CC-8871EDD0A645}
	EndProjectSection
EndProject
Project("{9A19103F-16F7-4668-BE54-9A1E7A4F7556}") = "NegativeConverter", "NegativeConverter\NegativeConverter.csproj", "{71FAABCD-6320-4461-93CC-8871EDD0A645}"
EndProject
Project("{8BC9CEB8-8B4A-11D0-8D11-00A0C91BC942}") = "NegativeConverterAssembly", "NegativeConverterAssembly\NegativeConverterAssembly.vcxproj", "{614149BD-88AA-400B-94B6-2A70F1EEDEEE}"
EndProject
Global
	GlobalSection(SolutionConfigurationPlatforms) = preSolution
		Debug|Any CPU = Debug|Any CPU
		Debug|ARM = Debug|ARM
		Debug|ARM64 = Debug|ARM64
		Debug|x64 = Debug|x64
		Debug|x86 = Debug|x86
		Release|Any CPU = Release|Any CPU
		Release|ARM = Release|ARM
		Release|ARM64 = Release|ARM64
		Release|x64 = Release|x64
		Release|x86 = Release|x86
	EndGlobalSection
	GlobalSection(ProjectConfigurationPlatforms) = postSolution
		{CE7FE253-9C98-4ED8-BA60-CF96FD7FC540}.Debug|Any CPU.ActiveCfg = Debug|Any CPU
		{CE7FE253-9C98-4ED8-BA60-CF96FD7FC540}.Debug|Any CPU.Build.0 = Debug|Any CPU
		{CE7FE253-9C98-4ED8-BA60-CF96FD7FC540}.Debug|ARM.ActiveCfg = Debug|Any CPU
		{CE7FE253-9C98-4ED8-BA60-CF96FD7FC540}.Debug|ARM.Build.0 = Debug|Any CPU
		{CE7FE253-9C98-4ED8-BA60-CF96FD7FC540}.Debug|ARM64.ActiveCfg = Debug|Any CPU
		{CE7FE253-9C98-4ED8-BA60-CF96FD7FC540}.Debug|ARM64.Build.0 = Debug|Any CPU
		{CE7FE253-9C98-4ED8-BA60-CF96FD7FC540}.Debug|x64.ActiveCfg = Debug|Any CPU
		{CE7FE253-9C98-4ED8-BA60-CF96FD7FC540}.Debug|x64.Build.0 = Debug|Any CPU
		{CE7FE253-9C98-4ED8-BA60-CF96FD7FC540}.Debug|x86.ActiveCfg = Debug|Any CPU
		{CE7FE253-9C98-4ED8-BA60-CF96FD7FC540}.Debug|x86.Build.0 = Debug|Any CPU
		{CE7FE253-9C98-4ED8-BA60-CF96FD7FC540}.Release|Any CPU.ActiveCfg = Release|Any CPU
		{CE7FE253-9C98-4ED8-BA60-CF96FD7FC540}.Release|Any CPU.Build.0 = Release|Any CPU
		{CE7FE253-9C98-4ED8-BA60-CF96FD7FC540}.Release|ARM.ActiveCfg = Release|Any CPU
		{CE7FE253-9C98-4ED8-BA60-CF96FD7FC540}.Release|ARM.Build.0 = Release|Any CPU
		{CE7FE253-9C98-4ED8-BA60-CF96FD7FC540}.Release|ARM64.ActiveCfg = Release|Any CPU
		{CE7FE253-9C98-4ED8-BA60-CF96FD7FC540}.Release|ARM64.Build.0 = Release|Any CPU
		{CE7FE253-9C98-4ED8-BA60-CF96FD7FC540}.Release|x64.ActiveCfg = Release|Any CPU
		{CE7FE253-9C98-4ED8-BA60-CF96FD7FC540}.Release|x64.Build.0 = Release|Any CPU
		{CE7FE253-9C98-4ED8-BA60-CF96FD7FC540}.Release|x86.ActiveCfg = Release|Any CPU
		{CE7FE253-9C98-4ED8-BA60-CF96FD7FC540}.Release|x86.Build.0 = Release|Any CPU
		{71FAABCD-6320-4461-93CC-8871EDD0A645}.Debug|Any CPU.ActiveCfg = Debug|Any CPU
		{71FAABCD-6320-4461-93CC-8871EDD0A645}.Debug|Any CPU.Build.0 = Debug|Any CPU
		{71FAABCD-6320-4461-93CC-8871EDD0A645}.Debug|ARM.ActiveCfg = Debug|Any CPU
		{71FAABCD-6320-4461-93CC-8871EDD0A645}.Debug|ARM.Build.0 = Debug|Any CPU
		{71FAABCD-6320-4461-93CC-8871EDD0A645}.Debug|ARM64.ActiveCfg = Debug|Any CPU
		{71FAABCD-6320-4461-93CC-8871EDD0A645}.Debug|ARM64.Build.0 = Debug|Any CPU
		{71FAABCD-6320-4461-93CC-8871EDD0A645}.Debug|x64.ActiveCfg = Debug|Any CPU
		{71FAABCD-6320-4461-93CC-8871EDD0A645}.Debug|x64.Build.0 = Debug|Any CPU
		{71FAABCD-6320-4461-93CC-8871EDD0A645}.Debug|x86.ActiveCfg = Debug|Any CPU
		{71FAABCD-6320-4461-93CC-8871EDD0A645}.Debug|x86.Build.0 = Debug|Any CPU
		{71FAABCD-6320-4461-93CC-8871EDD0A645}.Release|Any CPU.ActiveCfg = Release|Any CPU
		{71FAABCD-6320-4461-93CC-8871EDD0A645}.Release|Any CPU.Build.0 = Release|Any CPU
		{71FAABCD-6320-4461-93CC-8871EDD0A645}.Release|ARM.ActiveCfg = Release|Any CPU
		{71FAABCD-6320-4461-93CC-8871EDD0A645}.Release|ARM.Build.0 = Release|Any CPU
		{71FAABCD-6320-4461-93CC-8871EDD0A645}.Release|ARM64.ActiveCfg = Release|Any CPU
		{71FAABCD-6320-4461-93CC-8871EDD0A645}.Release|ARM64.Build.0 = Release|Any CPU
		{71FAABCD-6320-4461-93CC-8871EDD0A645}.Release|x64.ActiveCfg = Release|Any CPU
		{71FAABCD-6320-4461-93CC-8871EDD0A645}.Release|x64.Build.0 = Release|Any CPU
		{71FAABCD-6320-4461-93CC-8871EDD0A645}.Release|x86.ActiveCfg = Release|Any CPU
		{71FAABCD-6320-4461-93CC-8871EDD0A645}.Release|x86.Build.0 = Release|Any CPU
		{614149BD-88AA-400B-94B6-2A70F1EEDEEE}.Debug|Any CPU.ActiveCfg = Debug|x64
		{614149BD-88AA-400B-94B6-2A70F1EEDEEE}.Debug|Any CPU.Build.0 = Debug|x64
		{614149BD-88AA-400B-94B6-2A70F1EEDEEE}.Debug|ARM.ActiveCfg = Debug|x64
		{614149BD-88AA-400B-94B6-2A70F1EEDEEE}.Debug|ARM.Build.0 = Debug|x64
		{614149BD-88AA-400B-94B6-2A70F1EEDEEE}.Debug|ARM64.ActiveCfg = Debug|x64
		{614149BD-88AA-400B-94B6-2A70F1EEDEEE}.Debug|ARM64.Build.0 = Debug|x64
		{614149BD-88AA-400B-94B6-2A70F1EEDEEE}.Debug|x64.ActiveCfg = Debug|x64
		{614149BD-88AA-400B-94B6-2A70F1EEDEEE}.Debug|x64.Build.0 = Debug|x64
		{614149BD-88AA-400B-94B6-2A70F1EEDEEE}.Debug|x86.ActiveCfg = Debug|Win32
		{614149BD-88AA-400B-94B6-2A70F1EEDEEE}.Debug|x86.Build.0 = Debug|Win32
		{614149BD-88AA-400B-94B6-2A70F1EEDEEE}.Release|Any CPU.ActiveCfg = Release|x64
		{614149BD-88AA-400B-94B6-2A70F1EEDEEE}.Release|Any CPU.Build.0 = Release|x64
		{614149BD-88AA-400B-94B6-2A70F1EEDEEE}.Release|ARM.ActiveCfg = Release|x64
		{614149BD-88AA-400B-94B6-2A70F1EEDEEE}.Release|ARM.Build.0 = Release|x64
		{614149BD-88AA-400B-94B6-2A70F1EEDEEE}.Release|ARM64.ActiveCfg = Release|x64
		{614149BD-88AA-400B-94B6-2A70F1EEDEEE}.Release|ARM64.Build.0 = Release|x64
		{614149BD-88AA-400B-94B6-2A70F1EEDEEE}.Release|x64.ActiveCfg = Release|x64
		{614149BD-88AA-400B-94B6-2A70F1EEDEEE}.Release|x64.Build.0 = Release|x64
		{614149BD-88AA-400B-94B6-2A70F1EEDEEE}.Release|x86.ActiveCfg = Release|Win32
		{614149BD-88AA-400B-94B6-2A70F1EEDEEE}.Release|x86.Build.0 = Release|Win32
	EndGlobalSection
	GlobalSection(SolutionProperties) = preSolution
		HideSolutionNode = FALSE
	EndGlobalSection
	GlobalSection(ExtensibilityGlobals) = postSolution
		SolutionGuid = {A2DAA63E-6E02-4487-8FCB-F170A25E0B37}
	EndGlobalSection
EndGlobal
